
Microsoft Visual Studio Solution File, Format Version 12.00
# Visual Studio Version 16
VisualStudioVersion = 16.0.30804.86
MinimumVisualStudioVersion = 10.0.40219.1
Project("{FAE04EC0-301F-11D3-BF4B-00C04F79EFBC}") = "AspNetCoreIntro", "AspNetCoreIntro\AspNetCoreIntro.csproj", "{D462C448-FD4D-46E8-8C11-37C76D37920C}"
EndProject
Global
	GlobalSection(SolutionConfigurationPlatforms) = preSolution
		Debug|Any CPU = Debug|Any CPU
		Release|Any CPU = Release|Any CPU
	EndGlobalSection
	GlobalSection(ProjectConfigurationPlatforms) = postSolution
		{D462C448-FD4D-46E8-8C11-37C76D37920C}.Debug|Any CPU.ActiveCfg = Debug|Any CPU
		{D462C448-FD4D-46E8-8C11-37C76D37920C}.Debug|Any CPU.Build.0 = Debug|Any CPU
		{D462C448-FD4D-46E8-8C11-37C76D37920C}.Release|Any CPU.ActiveCfg = Release|Any CPU
		{D462C448-FD4D-46E8-8C11-37C76D37920C}.Release|Any CPU.Build.0 = Release|Any CPU
	EndGlobalSection
	GlobalSection(SolutionProperties) = preSolution
		HideSolutionNode = FALSE
	EndGlobalSection
	GlobalSection(ExtensibilityGlobals) = postSolution
		SolutionGuid = {36962CF6-6D6B-427E-9A25-4AC5A42BAA69}
	EndGlobalSection
EndGlobal
